// !$*UTF8*$!
{
	archiveVersion = 1;
	classes = {
	};
	objectVersion = 51;
	objects = {

/* Begin PBXBuildFile section */
		69D4197082E97F59AB3F19ED /* RQNapiUI in Frameworks */ = {isa = PBXBuildFile; productRef = 68D53F14E49C90FEE99D7F5A /* RQNapiUI */; };
		AAAA0002CAFE0002CAFE0002 /* rqnapi.icon in Resources */ = {isa = PBXBuildFile; fileRef = AAAA0001CAFE0001CAFE0001 /* rqnapi.icon */; };
		C87514990926F267315D92AC /* RQNapiApp.swift in Sources */ = {isa = PBXBuildFile; fileRef = A4CEDA65A2AEAE0F2D74D5EB /* RQNapiApp.swift */; };
/* End PBXBuildFile section */

/* Begin PBXFileReference section */
		96F5BA743BC14E70B6A35154 /* Info.plist */ = {isa = PBXFileReference; lastKnownFileType = text.plist; path = Info.plist; sourceTree = "<group>"; };
		AAAA0001CAFE0001CAFE0001 /* rqnapi.icon */ = {isa = PBXFileReference; lastKnownFileType = folder.iconcomposer.icon; path = rqnapi.icon; sourceTree = "<group>"; };
		98109127C541849BEFD9BC62 /* RQNapiKit */ = {isa = PBXFileReference; lastKnownFileType = folder; name = RQNapiKit; path = RQNapiKit; sourceTree = SOURCE_ROOT; };
		A4CEDA65A2AEAE0F2D74D5EB /* RQNapiApp.swift */ = {isa = PBXFileReference; lastKnownFileType = sourcecode.swift; path = RQNapiApp.swift; sourceTree = "<group>"; };
		D5A25A1AF2917562399133B4 /* RQNapi.app */ = {isa = PBXFileReference; explicitFileType = wrapper.application; includeInIndex = 0; path = RQNapi.app; sourceTree = BUILT_PRODUCTS_DIR; };
/* End PBXFileReference section */

/* Begin PBXFrameworksBuildPhase section */
		FED07C7640EFE813C1BD7545 /* Frameworks */ = {
			isa = PBXFrameworksBuildPhase;
			buildActionMask = 2147483647;
			files = (
				69D4197082E97F59AB3F19ED /* RQNapiUI in Frameworks */,
			);
			runOnlyForDeploymentPostprocessing = 0;
		};
/* End PBXFrameworksBuildPhase section */

/* Begin PBXGroup section */
		549064FCFE45D7D493CD0E8A /* RQNapi */ = {
			isa = PBXGroup;
			children = (
				AAAA0001CAFE0001CAFE0001 /* rqnapi.icon */,
				96F5BA743BC14E70B6A35154 /* Info.plist */,
				A4CEDA65A2AEAE0F2D74D5EB /* RQNapiApp.swift */,
			);
			path = RQNapi;
			sourceTree = "<group>";
		};
		5AD57D67D225214DDDC244EA = {
			isa = PBXGroup;
			children = (
				EA8F28F64D0F6C8207E3CB53 /* Packages */,
				549064FCFE45D7D493CD0E8A /* RQNapi */,
				FB997E67AC5D7EE5313B0338 /* Products */,
			);
			sourceTree = "<group>";
		};
		EA8F28F64D0F6C8207E3CB53 /* Packages */ = {
			isa = PBXGroup;
			children = (
				98109127C541849BEFD9BC62 /* RQNapiKit */,
			);
			name = Packages;
			sourceTree = SOURCE_ROOT;
		};
		FB997E67AC5D7EE5313B0338 /* Products */ = {
			isa = PBXGroup;
			children = (
				D5A25A1AF2917562399133B4 /* RQNapi.app */,
			);
			name = Products;
			sourceTree = "<group>";
		};
/* End PBXGroup section */

/* Begin PBXNativeTarget section */
		FD110A26AFB4B62D87E3A184 /* RQNapi */ = {
			isa = PBXNativeTarget;
			buildConfigurationList = A830D7447ED3E80DF756A779 /* Build configuration list for PBXNativeTarget "RQNapi" */;
			buildPhases = (
				884060E14F9E709862C10CC2 /* Sources */,
				FED07C7640EFE813C1BD7545 /* Frameworks */,
				AAAA0003CAFE0003CAFE0003 /* Resources */,
			);
			buildRules = (
			);
			dependencies = (
			);
			name = RQNapi;
			packageProductDependencies = (
				68D53F14E49C90FEE99D7F5A /* RQNapiUI */,
			);
			productName = RQNapi;
			productReference = D5A25A1AF2917562399133B4 /* RQNapi.app */;
			productType = "com.apple.product-type.application";
		};
/* End PBXNativeTarget section */

/* Begin PBXProject section */
		14E74C72712AD28447E92B33 /* Project object */ = {
			isa = PBXProject;
			attributes = {
				LastUpgradeCheck = 1200;
				TargetAttributes = {
					FD110A26AFB4B62D87E3A184 = {
						ProvisioningStyle = Automatic;
					};
				};
			};
			buildConfigurationList = C32D6B50FF73E31647F957A6 /* Build configuration list for PBXProject "RQNapi" */;
			compatibilityVersion = "Xcode 10.0";
			developmentRegion = en;
			hasScannedForEncodings = 0;
			knownRegions = (
				Base,
				en,
			);
			mainGroup = 5AD57D67D225214DDDC244EA;
			projectDirPath = "";
			projectRoot = "";
			targets = (
				FD110A26AFB4B62D87E3A184 /* RQNapi */,
			);
		};
/* End PBXProject section */

/* Begin PBXResourcesBuildPhase section */
		AAAA0003CAFE0003CAFE0003 /* Resources */ = {
			isa = PBXResourcesBuildPhase;
			buildActionMask = 2147483647;
			files = (
				AAAA0002CAFE0002CAFE0002 /* rqnapi.icon in Resources */,
			);
			runOnlyForDeploymentPostprocessing = 0;
		};
/* End PBXResourcesBuildPhase section */

/* Begin PBXSourcesBuildPhase section */
		884060E14F9E709862C10CC2 /* Sources */ = {
			isa = PBXSourcesBuildPhase;
			buildActionMask = 2147483647;
			files = (
				C87514990926F267315D92AC /* RQNapiApp.swift in Sources */,
			);
			runOnlyForDeploymentPostprocessing = 0;
		};
/* End PBXSourcesBuildPhase section */

/* Begin XCBuildConfiguration section */
		00B23AC375A93337FDEAC419 /* Debug */ = {
			isa = XCBuildConfiguration;
			buildSettings = {
				ALWAYS_SEARCH_USER_PATHS = NO;
				CLANG_ANALYZER_NONNULL = YES;
				CLANG_ANALYZER_NUMBER_OBJECT_CONVERSION = YES_AGGRESSIVE;
				CLANG_CXX_LANGUAGE_STANDARD = "gnu++14";
				CLANG_CXX_LIBRARY = "libc++";
				CLANG_ENABLE_MODULES = YES;
				CLANG_ENABLE_OBJC_ARC = YES;
				CLANG_ENABLE_OBJC_WEAK = YES;
				CLANG_WARN_BLOCK_CAPTURE_AUTORELEASING = YES;
				CLANG_WARN_BOOL_CONVERSION = YES;
				CLANG_WARN_COMMA = YES;
				CLANG_WARN_CONSTANT_CONVERSION = YES;
				CLANG_WARN_DEPRECATED_OBJC_IMPLEMENTATIONS = YES;
				CLANG_WARN_DIRECT_OBJC_ISA_USAGE = YES_ERROR;
				CLANG_WARN_DOCUMENTATION_COMMENTS = YES;
				CLANG_WARN_EMPTY_BODY = YES;
				CLANG_WARN_ENUM_CONVERSION = YES;
				CLANG_WARN_INFINITE_RECURSION = YES;
				CLANG_WARN_INT_CONVERSION = YES;
				CLANG_WARN_NON_LITERAL_NULL_CONVERSION = YES;
				CLANG_WARN_OBJC_IMPLICIT_RETAIN_SELF = YES;
				CLANG_WARN_OBJC_LITERAL_CONVERSION = YES;
				CLANG_WARN_OBJC_ROOT_CLASS = YES_ERROR;
				CLANG_WARN_QUOTED_INCLUDE_IN_FRAMEWORK_HEADER = YES;
				CLANG_WARN_RANGE_LOOP_ANALYSIS = YES;
				CLANG_WARN_STRICT_PROTOTYPES = YES;
				CLANG_WARN_SUSPICIOUS_MOVE = YES;
				CLANG_WARN_UNGUARDED_AVAILABILITY = YES_AGGRESSIVE;
				CLANG_WARN_UNREACHABLE_CODE = YES;
				CLANG_WARN__DUPLICATE_METHOD_MATCH = YES;
				COPY_PHASE_STRIP = NO;
				DEBUG_INFORMATION_FORMAT = dwarf;
				ENABLE_STRICT_OBJC_MSGSEND = YES;
				ENABLE_TESTABILITY = YES;
				GCC_C_LANGUAGE_STANDARD = gnu11;
				GCC_DYNAMIC_NO_PIC = NO;
				GCC_NO_COMMON_BLOCKS = YES;
				GCC_OPTIMIZATION_LEVEL = 0;
				GCC_PREPROCESSOR_DEFINITIONS = (
					"$(inherited)",
					"DEBUG=1",
				);
				GCC_WARN_64_TO_32_BIT_CONVERSION = YES;
				GCC_WARN_ABOUT_RETURN_TYPE = YES_ERROR;
				GCC_WARN_UNDECLARED_SELECTOR = YES;
				GCC_WARN_UNINITIALIZED_AUTOS = YES_AGGRESSIVE;
				GCC_WARN_UNUSED_FUNCTION = YES;
				GCC_WARN_UNUSED_VARIABLE = YES;
				MACOSX_DEPLOYMENT_TARGET = 15.0;
				MTL_ENABLE_DEBUG_INFO = INCLUDE_SOURCE;
				MTL_FAST_MATH = YES;
				ONLY_ACTIVE_ARCH = YES;
				PRODUCT_NAME = "$(TARGET_NAME)";
				SDKROOT = macosx;
				SWIFT_ACTIVE_COMPILATION_CONDITIONS = DEBUG;
				SWIFT_OPTIMIZATION_LEVEL = "-Onone";
				SWIFT_STRICT_CONCURRENCY = complete;
				SWIFT_VERSION = 6.0;
			};
			name = Debug;
		};
		0D9F8D4C24548BF85456E906 /* Release */ = {
			isa = XCBuildConfiguration;
			buildSettings = {
				ASSETCATALOG_COMPILER_APPICON_NAME = rqnapi;
				CODE_SIGN_IDENTITY = "-";
				CODE_SIGN_STYLE = Automatic;
				COMBINE_HIDPI_IMAGES = YES;
				CURRENT_PROJECT_VERSION = 1;
				ENABLE_APP_SANDBOX = NO;
				ENABLE_HARDENED_RUNTIME = YES;
				INFOPLIST_FILE = RQNapi/Info.plist;
				LD_RUNPATH_SEARCH_PATHS = (
					"$(inherited)",
					"@executable_path/../Frameworks",
				);
				MARKETING_VERSION = 1.0.0;
				PRODUCT_BUNDLE_IDENTIFIER = pl.xyn.rqnapi;
				SDKROOT = macosx;
			};
			name = Release;
		};
		4C0A24A6A04C16DAC88244AA /* Release */ = {
			isa = XCBuildConfiguration;
			buildSettings = {
				ALWAYS_SEARCH_USER_PATHS = NO;
				CLANG_ANALYZER_NONNULL = YES;
				CLANG_ANALYZER_NUMBER_OBJECT_CONVERSION = YES_AGGRESSIVE;
				CLANG_CXX_LANGUAGE_STANDARD = "gnu++14";
				CLANG_CXX_LIBRARY = "libc++";
				CLANG_ENABLE_MODULES = YES;
				CLANG_ENABLE_OBJC_ARC = YES;
				CLANG_ENABLE_OBJC_WEAK = YES;
				CLANG_WARN_BLOCK_CAPTURE_AUTORELEASING = YES;
				CLANG_WARN_BOOL_CONVERSION = YES;
				CLANG_WARN_COMMA = YES;
				CLANG_WARN_CONSTANT_CONVERSION = YES;
				CLANG_WARN_DEPRECATED_OBJC_IMPLEMENTATIONS = YES;
				CLANG_WARN_DIRECT_OBJC_ISA_USAGE = YES_ERROR;
				CLANG_WARN_DOCUMENTATION_COMMENTS = YES;
				CLANG_WARN_EMPTY_BODY = YES;
				CLANG_WARN_ENUM_CONVERSION = YES;
				CLANG_WARN_INFINITE_RECURSION = YES;
				CLANG_WARN_INT_CONVERSION = YES;
				CLANG_WARN_NON_LITERAL_NULL_CONVERSION = YES;
				CLANG_WARN_OBJC_IMPLICIT_RETAIN_SELF = YES;
				CLANG_WARN_OBJC_LITERAL_CONVERSION = YES;
				CLANG_WARN_OBJC_ROOT_CLASS = YES_ERROR;
				CLANG_WARN_QUOTED_INCLUDE_IN_FRAMEWORK_HEADER = YES;
				CLANG_WARN_RANGE_LOOP_ANALYSIS = YES;
				CLANG_WARN_STRICT_PROTOTYPES = YES;
				CLANG_WARN_SUSPICIOUS_MOVE = YES;
				CLANG_WARN_UNGUARDED_AVAILABILITY = YES_AGGRESSIVE;
				CLANG_WARN_UNREACHABLE_CODE = YES;
				CLANG_WARN__DUPLICATE_METHOD_MATCH = YES;
				COPY_PHASE_STRIP = NO;
				DEBUG_INFORMATION_FORMAT = "dwarf-with-dsym";
				ENABLE_NS_ASSERTIONS = NO;
				ENABLE_STRICT_OBJC_MSGSEND = YES;
				GCC_C_LANGUAGE_STANDARD = gnu11;
				GCC_NO_COMMON_BLOCKS = YES;
				GCC_WARN_64_TO_32_BIT_CONVERSION = YES;
				GCC_WARN_ABOUT_RETURN_TYPE = YES_ERROR;
				GCC_WARN_UNDECLARED_SELECTOR = YES;
				GCC_WARN_UNINITIALIZED_AUTOS = YES_AGGRESSIVE;
				GCC_WARN_UNUSED_FUNCTION = YES;
				GCC_WARN_UNUSED_VARIABLE = YES;
				MACOSX_DEPLOYMENT_TARGET = 15.0;
				MTL_ENABLE_DEBUG_INFO = NO;
				MTL_FAST_MATH = YES;
				PRODUCT_NAME = "$(TARGET_NAME)";
				SDKROOT = macosx;
				SWIFT_COMPILATION_MODE = wholemodule;
				SWIFT_OPTIMIZATION_LEVEL = "-O";
				SWIFT_STRICT_CONCURRENCY = complete;
				SWIFT_VERSION = 6.0;
			};
			name = Release;
		};
		E5A1530B88D6D65ABD47D8F3 /* Debug */ = {
			isa = XCBuildConfiguration;
			buildSettings = {
				ASSETCATALOG_COMPILER_APPICON_NAME = rqnapi;
				CODE_SIGN_IDENTITY = "-";
				CODE_SIGN_STYLE = Automatic;
				COMBINE_HIDPI_IMAGES = YES;
				CURRENT_PROJECT_VERSION = 1;
				ENABLE_APP_SANDBOX = NO;
				ENABLE_HARDENED_RUNTIME = YES;
				INFOPLIST_FILE = RQNapi/Info.plist;
				LD_RUNPATH_SEARCH_PATHS = (
					"$(inherited)",
					"@executable_path/../Frameworks",
				);
				MARKETING_VERSION = 1.0.0;
				PRODUCT_BUNDLE_IDENTIFIER = pl.xyn.rqnapi;
				SDKROOT = macosx;
			};
			name = Debug;
		};
/* End XCBuildConfiguration section */

/* Begin XCConfigurationList section */
		A830D7447ED3E80DF756A779 /* Build configuration list for PBXNativeTarget "RQNapi" */ = {
			isa = XCConfigurationList;
			buildConfigurations = (
				E5A1530B88D6D65ABD47D8F3 /* Debug */,
				0D9F8D4C24548BF85456E906 /* Release */,
			);
			defaultConfigurationIsVisible = 0;
			defaultConfigurationName = Debug;
		};
		C32D6B50FF73E31647F957A6 /* Build configuration list for PBXProject "RQNapi" */ = {
			isa = XCConfigurationList;
			buildConfigurations = (
				00B23AC375A93337FDEAC419 /* Debug */,
				4C0A24A6A04C16DAC88244AA /* Release */,
			);
			defaultConfigurationIsVisible = 0;
			defaultConfigurationName = Debug;
		};
/* End XCConfigurationList section */

/* Begin XCSwiftPackageProductDependency section */
		68D53F14E49C90FEE99D7F5A /* RQNapiUI */ = {
			isa = XCSwiftPackageProductDependency;
			productName = RQNapiUI;
		};
/* End XCSwiftPackageProductDependency section */
	};
	rootObject = 14E74C72712AD28447E92B33 /* Project object */;
}
